
Microsoft Visual Studio Solution File, Format Version 12.00
# Visual Studio Version 17
VisualStudioVersion = 17.13.35806.99
MinimumVisualStudioVersion = 10.0.40219.1
Project("{FAE04EC0-301F-11D3-BF4B-00C04F79EFBC}") = "GSB_demo", "Ap1\GSB_demo.csproj", "{2E16A231-CCB7-44B9-9BC1-09DAD4B62850}"
EndProject
Global
	GlobalSection(SolutionConfigurationPlatforms) = preSolution
		Debug|Any CPU = Debug|Any CPU
		Release|Any CPU = Release|Any CPU
	EndGlobalSection
	GlobalSection(ProjectConfigurationPlatforms) = postSolution
		{2E16A231-CCB7-44B9-9BC1-09DAD4B62850}.Debug|Any CPU.ActiveCfg = Debug|Any CPU
		{2E16A231-CCB7-44B9-9BC1-09DAD4B62850}.Debug|Any CPU.Build.0 = Debug|Any CPU
		{2E16A231-CCB7-44B9-9BC1-09DAD4B62850}.Release|Any CPU.ActiveCfg = Release|Any CPU
		{2E16A231-CCB7-44B9-9BC1-09DAD4B62850}.Release|Any CPU.Build.0 = Release|Any CPU
	EndGlobalSection
	GlobalSection(SolutionProperties) = preSolution
		HideSolutionNode = FALSE
	EndGlobalSection
	GlobalSection(ExtensibilityGlobals) = postSolution
		SolutionGuid = {BA97C253-AC5F-4411-AEB8-E4882E68015D}
	EndGlobalSection
EndGlobal
